
Microsoft Visual Studio Solution File, Format Version 12.00
# Visual Studio Version 16
VisualStudioVersion = 16.0.29009.5
MinimumVisualStudioVersion = 10.0.40219.1
Project("{FAE04EC0-301F-11D3-BF4B-00C04F79EFBC}") = "ContactRegistry", "ContactRegistry\ContactRegistry.csproj", "{1A8BC2D2-601B-4348-AC34-BCCCE7A94D7C}"
EndProject
Global
	GlobalSection(SolutionConfigurationPlatforms) = preSolution
		Debug|Any CPU = Debug|Any CPU
		Release|Any CPU = Release|Any CPU
	EndGlobalSection
	GlobalSection(ProjectConfigurationPlatforms) = postSolution
		{1A8BC2D2-601B-4348-AC34-BCCCE7A94D7C}.Debug|Any CPU.ActiveCfg = Debug|Any CPU
		{1A8BC2D2-601B-4348-AC34-BCCCE7A94D7C}.Debug|Any CPU.Build.0 = Debug|Any CPU
		{1A8BC2D2-601B-4348-AC34-BCCCE7A94D7C}.Release|Any CPU.ActiveCfg = Release|Any CPU
		{1A8BC2D2-601B-4348-AC34-BCCCE7A94D7C}.Release|Any CPU.Build.0 = Release|Any CPU
	EndGlobalSection
	GlobalSection(SolutionProperties) = preSolution
		HideSolutionNode = FALSE
	EndGlobalSection
	GlobalSection(ExtensibilityGlobals) = postSolution
		SolutionGuid = {118542B5-7365-4C85-8934-39B8C9E7EAC9}
	EndGlobalSection
EndGlobal
